
Microsoft Visual Studio Solution File, Format Version 12.00
# Visual Studio Version 17
VisualStudioVersion = 17.9.34701.34
MinimumVisualStudioVersion = 10.0.40219.1
Project("{9A19103F-16F7-4668-BE54-9A1E7A4F7556}") = "eCommerceWeb", "eCommerceWeb\eCommerceWeb.csproj", "{CB65632D-887D-4570-8E44-50F1CF1F8FFD}"
EndProject
Project("{2150E333-8FDC-42A3-9474-1A3956D46DE8}") = "Solution Items", "Solution Items", "{184D105D-68A6-4A16-983C-88252084B3A1}"
EndProject
Global
	GlobalSection(SolutionConfigurationPlatforms) = preSolution
		Debug|Any CPU = Debug|Any CPU
		Release|Any CPU = Release|Any CPU
	EndGlobalSection
	GlobalSection(ProjectConfigurationPlatforms) = postSolution
		{CB65632D-887D-4570-8E44-50F1CF1F8FFD}.Debug|Any CPU.ActiveCfg = Debug|Any CPU
		{CB65632D-887D-4570-8E44-50F1CF1F8FFD}.Debug|Any CPU.Build.0 = Debug|Any CPU
		{CB65632D-887D-4570-8E44-50F1CF1F8FFD}.Release|Any CPU.ActiveCfg = Release|Any CPU
		{CB65632D-887D-4570-8E44-50F1CF1F8FFD}.Release|Any CPU.Build.0 = Release|Any CPU
	EndGlobalSection
	GlobalSection(SolutionProperties) = preSolution
		HideSolutionNode = FALSE
	EndGlobalSection
	GlobalSection(ExtensibilityGlobals) = postSolution
		SolutionGuid = {614484A2-5CFF-4121-AFCD-E72B6D4BC024}
	EndGlobalSection
EndGlobal
